
Microsoft Visual Studio Solution File, Format Version 12.00
Project("{FAE04EC0-301F-11D3-BF4B-00C04F79EFBC}") = "yujuu_test_backend", "yujuu_test_backend\yujuu_test_backend.csproj", "{D06B9998-2AFA-4F82-8725-71847EF22A01}"
EndProject
Global
	GlobalSection(SolutionConfigurationPlatforms) = preSolution
		Debug|Any CPU = Debug|Any CPU
		Release|Any CPU = Release|Any CPU
	EndGlobalSection
	GlobalSection(ProjectConfigurationPlatforms) = postSolution
		{D06B9998-2AFA-4F82-8725-71847EF22A01}.Debug|Any CPU.ActiveCfg = Debug|Any CPU
		{D06B9998-2AFA-4F82-8725-71847EF22A01}.Debug|Any CPU.Build.0 = Debug|Any CPU
		{D06B9998-2AFA-4F82-8725-71847EF22A01}.Release|Any CPU.ActiveCfg = Release|Any CPU
		{D06B9998-2AFA-4F82-8725-71847EF22A01}.Release|Any CPU.Build.0 = Release|Any CPU
	EndGlobalSection
EndGlobal
